// !$*UTF8*$!
{
	archiveVersion = 1;
	classes = {
	};
	objectVersion = 50;
	objects = {

/* Begin PBXBuildFile section */
		117BBAA125F73CC200166B16 /* DataService.swift in Sources */ = {isa = PBXBuildFile; fileRef = 117BBAA025F73CC200166B16 /* DataService.swift */; };
		117BBAA525F7623800166B16 /* ProductCell.swift in Sources */ = {isa = PBXBuildFile; fileRef = 117BBAA425F7623800166B16 /* ProductCell.swift */; };
		117BBAA825F7649400166B16 /* Product.swift in Sources */ = {isa = PBXBuildFile; fileRef = 117BBAA725F7649400166B16 /* Product.swift */; };
		11EBB25425F72C6400610F20 /* AppDelegate.swift in Sources */ = {isa = PBXBuildFile; fileRef = 11EBB25325F72C6400610F20 /* AppDelegate.swift */; };
		11EBB25625F72C6400610F20 /* SceneDelegate.swift in Sources */ = {isa = PBXBuildFile; fileRef = 11EBB25525F72C6400610F20 /* SceneDelegate.swift */; };
		11EBB25825F72C6400610F20 /* CategoriesVC.swift in Sources */ = {isa = PBXBuildFile; fileRef = 11EBB25725F72C6400610F20 /* CategoriesVC.swift */; };
		11EBB25B25F72C6400610F20 /* Main.storyboard in Resources */ = {isa = PBXBuildFile; fileRef = 11EBB25925F72C6400610F20 /* Main.storyboard */; };
		11EBB25D25F72C6500610F20 /* Assets.xcassets in Resources */ = {isa = PBXBuildFile; fileRef = 11EBB25C25F72C6500610F20 /* Assets.xcassets */; };
		11EBB26025F72C6500610F20 /* LaunchScreen.storyboard in Resources */ = {isa = PBXBuildFile; fileRef = 11EBB25E25F72C6500610F20 /* LaunchScreen.storyboard */; };
		11EBB26E25F7348000610F20 /* CategoryCell.swift in Sources */ = {isa = PBXBuildFile; fileRef = 11EBB26D25F7348000610F20 /* CategoryCell.swift */; };
		11EBB27225F73A5300610F20 /* Category.swift in Sources */ = {isa = PBXBuildFile; fileRef = 11EBB27125F73A5300610F20 /* Category.swift */; };
/* End PBXBuildFile section */

/* Begin PBXFileReference section */
		117BBAA025F73CC200166B16 /* DataService.swift */ = {isa = PBXFileReference; lastKnownFileType = sourcecode.swift; path = DataService.swift; sourceTree = "<group>"; };
		117BBAA425F7623800166B16 /* ProductCell.swift */ = {isa = PBXFileReference; lastKnownFileType = sourcecode.swift; path = ProductCell.swift; sourceTree = "<group>"; };
		117BBAA725F7649400166B16 /* Product.swift */ = {isa = PBXFileReference; lastKnownFileType = sourcecode.swift; path = Product.swift; sourceTree = "<group>"; };
		11EBB25025F72C6400610F20 /* coder-swag.app */ = {isa = PBXFileReference; explicitFileType = wrapper.application; includeInIndex = 0; path = "coder-swag.app"; sourceTree = BUILT_PRODUCTS_DIR; };
		11EBB25325F72C6400610F20 /* AppDelegate.swift */ = {isa = PBXFileReference; lastKnownFileType = sourcecode.swift; path = AppDelegate.swift; sourceTree = "<group>"; };
		11EBB25525F72C6400610F20 /* SceneDelegate.swift */ = {isa = PBXFileReference; lastKnownFileType = sourcecode.swift; path = SceneDelegate.swift; sourceTree = "<group>"; };
		11EBB25725F72C6400610F20 /* CategoriesVC.swift */ = {isa = PBXFileReference; lastKnownFileType = sourcecode.swift; path = CategoriesVC.swift; sourceTree = "<group>"; };
		11EBB25A25F72C6400610F20 /* Base */ = {isa = PBXFileReference; lastKnownFileType = file.storyboard; name = Base; path = Base.lproj/Main.storyboard; sourceTree = "<group>"; };
		11EBB25C25F72C6500610F20 /* Assets.xcassets */ = {isa = PBXFileReference; lastKnownFileType = folder.assetcatalog; path = Assets.xcassets; sourceTree = "<group>"; };
		11EBB25F25F72C6500610F20 /* Base */ = {isa = PBXFileReference; lastKnownFileType = file.storyboard; name = Base; path = Base.lproj/LaunchScreen.storyboard; sourceTree = "<group>"; };
		11EBB26125F72C6500610F20 /* Info.plist */ = {isa = PBXFileReference; lastKnownFileType = text.plist.xml; path = Info.plist; sourceTree = "<group>"; };
		11EBB26D25F7348000610F20 /* CategoryCell.swift */ = {isa = PBXFileReference; lastKnownFileType = sourcecode.swift; path = CategoryCell.swift; sourceTree = "<group>"; };
		11EBB27125F73A5300610F20 /* Category.swift */ = {isa = PBXFileReference; lastKnownFileType = sourcecode.swift; path = Category.swift; sourceTree = "<group>"; };
/* End PBXFileReference section */

/* Begin PBXFrameworksBuildPhase section */
		11EBB24D25F72C6400610F20 /* Frameworks */ = {
			isa = PBXFrameworksBuildPhase;
			buildActionMask = 2147483647;
			files = (
			);
			runOnlyForDeploymentPostprocessing = 0;
		};
/* End PBXFrameworksBuildPhase section */

/* Begin PBXGroup section */
		117BBA9F25F73CAA00166B16 /* Services */ = {
			isa = PBXGroup;
			children = (
				117BBAA025F73CC200166B16 /* DataService.swift */,
			);
			path = Services;
			sourceTree = "<group>";
		};
		11EBB24725F72C6400610F20 = {
			isa = PBXGroup;
			children = (
				11EBB25225F72C6400610F20 /* coder-swag */,
				11EBB25125F72C6400610F20 /* Products */,
			);
			sourceTree = "<group>";
		};
		11EBB25125F72C6400610F20 /* Products */ = {
			isa = PBXGroup;
			children = (
				11EBB25025F72C6400610F20 /* coder-swag.app */,
			);
			name = Products;
			sourceTree = "<group>";
		};
		11EBB25225F72C6400610F20 /* coder-swag */ = {
			isa = PBXGroup;
			children = (
				117BBA9F25F73CAA00166B16 /* Services */,
				11EBB26A25F733D900610F20 /* Model */,
				11EBB26B25F733E000610F20 /* View */,
				11EBB26925F733CB00610F20 /* Controller */,
				11EBB25325F72C6400610F20 /* AppDelegate.swift */,
				11EBB25525F72C6400610F20 /* SceneDelegate.swift */,
				11EBB25925F72C6400610F20 /* Main.storyboard */,
				11EBB25C25F72C6500610F20 /* Assets.xcassets */,
				11EBB25E25F72C6500610F20 /* LaunchScreen.storyboard */,
				11EBB26125F72C6500610F20 /* Info.plist */,
			);
			path = "coder-swag";
			sourceTree = "<group>";
		};
		11EBB26925F733CB00610F20 /* Controller */ = {
			isa = PBXGroup;
			children = (
				11EBB25725F72C6400610F20 /* CategoriesVC.swift */,
			);
			path = Controller;
			sourceTree = "<group>";
		};
		11EBB26A25F733D900610F20 /* Model */ = {
			isa = PBXGroup;
			children = (
				11EBB27125F73A5300610F20 /* Category.swift */,
				117BBAA725F7649400166B16 /* Product.swift */,
			);
			path = Model;
			sourceTree = "<group>";
		};
		11EBB26B25F733E000610F20 /* View */ = {
			isa = PBXGroup;
			children = (
				11EBB26D25F7348000610F20 /* CategoryCell.swift */,
				117BBAA425F7623800166B16 /* ProductCell.swift */,
			);
			path = View;
			sourceTree = "<group>";
		};
/* End PBXGroup section */

/* Begin PBXNativeTarget section */
		11EBB24F25F72C6400610F20 /* coder-swag */ = {
			isa = PBXNativeTarget;
			buildConfigurationList = 11EBB26425F72C6500610F20 /* Build configuration list for PBXNativeTarget "coder-swag" */;
			buildPhases = (
				11EBB24C25F72C6400610F20 /* Sources */,
				11EBB24D25F72C6400610F20 /* Frameworks */,
				11EBB24E25F72C6400610F20 /* Resources */,
			);
			buildRules = (
			);
			dependencies = (
			);
			name = "coder-swag";
			productName = "coder-swag";
			productReference = 11EBB25025F72C6400610F20 /* coder-swag.app */;
			productType = "com.apple.product-type.application";
		};
/* End PBXNativeTarget section */

/* Begin PBXProject section */
		11EBB24825F72C6400610F20 /* Project object */ = {
			isa = PBXProject;
			attributes = {
				LastSwiftUpdateCheck = 1240;
				LastUpgradeCheck = 1240;
				TargetAttributes = {
					11EBB24F25F72C6400610F20 = {
						CreatedOnToolsVersion = 12.4;
					};
				};
			};
			buildConfigurationList = 11EBB24B25F72C6400610F20 /* Build configuration list for PBXProject "coder-swag" */;
			compatibilityVersion = "Xcode 9.3";
			developmentRegion = en;
			hasScannedForEncodings = 0;
			knownRegions = (
				en,
				Base,
			);
			mainGroup = 11EBB24725F72C6400610F20;
			productRefGroup = 11EBB25125F72C6400610F20 /* Products */;
			projectDirPath = "";
			projectRoot = "";
			targets = (
				11EBB24F25F72C6400610F20 /* coder-swag */,
			);
		};
/* End PBXProject section */

/* Begin PBXResourcesBuildPhase section */
		11EBB24E25F72C6400610F20 /* Resources */ = {
			isa = PBXResourcesBuildPhase;
			buildActionMask = 2147483647;
			files = (
				11EBB26025F72C6500610F20 /* LaunchScreen.storyboard in Resources */,
				11EBB25D25F72C6500610F20 /* Assets.xcassets in Resources */,
				11EBB25B25F72C6400610F20 /* Main.storyboard in Resources */,
			);
			runOnlyForDeploymentPostprocessing = 0;
		};
/* End PBXResourcesBuildPhase section */

/* Begin PBXSourcesBuildPhase section */
		11EBB24C25F72C6400610F20 /* Sources */ = {
			isa = PBXSourcesBuildPhase;
			buildActionMask = 2147483647;
			files = (
				11EBB25825F72C6400610F20 /* CategoriesVC.swift in Sources */,
				117BBAA825F7649400166B16 /* Product.swift in Sources */,
				11EBB27225F73A5300610F20 /* Category.swift in Sources */,
				11EBB25425F72C6400610F20 /* AppDelegate.swift in Sources */,
				117BBAA125F73CC200166B16 /* DataService.swift in Sources */,
				11EBB25625F72C6400610F20 /* SceneDelegate.swift in Sources */,
				117BBAA525F7623800166B16 /* ProductCell.swift in Sources */,
				11EBB26E25F7348000610F20 /* CategoryCell.swift in Sources */,
			);
			runOnlyForDeploymentPostprocessing = 0;
		};
/* End PBXSourcesBuildPhase section */

/* Begin PBXVariantGroup section */
		11EBB25925F72C6400610F20 /* Main.storyboard */ = {
			isa = PBXVariantGroup;
			children = (
				11EBB25A25F72C6400610F20 /* Base */,
			);
			name = Main.storyboard;
			sourceTree = "<group>";
		};
		11EBB25E25F72C6500610F20 /* LaunchScreen.storyboard */ = {
			isa = PBXVariantGroup;
			children = (
				11EBB25F25F72C6500610F20 /* Base */,
			);
			name = LaunchScreen.storyboard;
			sourceTree = "<group>";
		};
/* End PBXVariantGroup section */

/* Begin XCBuildConfiguration section */
		11EBB26225F72C6500610F20 /* Debug */ = {
			isa = XCBuildConfiguration;
			buildSettings = {
				ALWAYS_SEARCH_USER_PATHS = NO;
				CLANG_ANALYZER_NONNULL = YES;
				CLANG_ANALYZER_NUMBER_OBJECT_CONVERSION = YES_AGGRESSIVE;
				CLANG_CXX_LANGUAGE_STANDARD = "gnu++14";
				CLANG_CXX_LIBRARY = "libc++";
				CLANG_ENABLE_MODULES = YES;
				CLANG_ENABLE_OBJC_ARC = YES;
				CLANG_ENABLE_OBJC_WEAK = YES;
				CLANG_WARN_BLOCK_CAPTURE_AUTORELEASING = YES;
				CLANG_WARN_BOOL_CONVERSION = YES;
				CLANG_WARN_COMMA = YES;
				CLANG_WARN_CONSTANT_CONVERSION = YES;
				CLANG_WARN_DEPRECATED_OBJC_IMPLEMENTATIONS = YES;
				CLANG_WARN_DIRECT_OBJC_ISA_USAGE = YES_ERROR;
				CLANG_WARN_DOCUMENTATION_COMMENTS = YES;
				CLANG_WARN_EMPTY_BODY = YES;
				CLANG_WARN_ENUM_CONVERSION = YES;
				CLANG_WARN_INFINITE_RECURSION = YES;
				CLANG_WARN_INT_CONVERSION = YES;
				CLANG_WARN_NON_LITERAL_NULL_CONVERSION = YES;
				CLANG_WARN_OBJC_IMPLICIT_RETAIN_SELF = YES;
				CLANG_WARN_OBJC_LITERAL_CONVERSION = YES;
				CLANG_WARN_OBJC_ROOT_CLASS = YES_ERROR;
				CLANG_WARN_QUOTED_INCLUDE_IN_FRAMEWORK_HEADER = YES;
				CLANG_WARN_RANGE_LOOP_ANALYSIS = YES;
				CLANG_WARN_STRICT_PROTOTYPES = YES;
				CLANG_WARN_SUSPICIOUS_MOVE = YES;
				CLANG_WARN_UNGUARDED_AVAILABILITY = YES_AGGRESSIVE;
				CLANG_WARN_UNREACHABLE_CODE = YES;
				CLANG_WARN__DUPLICATE_METHOD_MATCH = YES;
				COPY_PHASE_STRIP = NO;
				DEBUG_INFORMATION_FORMAT = dwarf;
				ENABLE_STRICT_OBJC_MSGSEND = YES;
				ENABLE_TESTABILITY = YES;
				GCC_C_LANGUAGE_STANDARD = gnu11;
				GCC_DYNAMIC_NO_PIC = NO;
				GCC_NO_COMMON_BLOCKS = YES;
				GCC_OPTIMIZATION_LEVEL = 0;
				GCC_PREPROCESSOR_DEFINITIONS = (
					"DEBUG=1",
					"$(inherited)",
				);
				GCC_WARN_64_TO_32_BIT_CONVERSION = YES;
				GCC_WARN_ABOUT_RETURN_TYPE = YES_ERROR;
				GCC_WARN_UNDECLARED_SELECTOR = YES;
				GCC_WARN_UNINITIALIZED_AUTOS = YES_AGGRESSIVE;
				GCC_WARN_UNUSED_FUNCTION = YES;
				GCC_WARN_UNUSED_VARIABLE = YES;
				IPHONEOS_DEPLOYMENT_TARGET = 14.4;
				MTL_ENABLE_DEBUG_INFO = INCLUDE_SOURCE;
				MTL_FAST_MATH = YES;
				ONLY_ACTIVE_ARCH = YES;
				SDKROOT = iphoneos;
				SWIFT_ACTIVE_COMPILATION_CONDITIONS = DEBUG;
				SWIFT_OPTIMIZATION_LEVEL = "-Onone";
			};
			name = Debug;
		};
		11EBB26325F72C6500610F20 /* Release */ = {
			isa = XCBuildConfiguration;
			buildSettings = {
				ALWAYS_SEARCH_USER_PATHS = NO;
				CLANG_ANALYZER_NONNULL = YES;
				CLANG_ANALYZER_NUMBER_OBJECT_CONVERSION = YES_AGGRESSIVE;
				CLANG_CXX_LANGUAGE_STANDARD = "gnu++14";
				CLANG_CXX_LIBRARY = "libc++";
				CLANG_ENABLE_MODULES = YES;
				CLANG_ENABLE_OBJC_ARC = YES;
				CLANG_ENABLE_OBJC_WEAK = YES;
				CLANG_WARN_BLOCK_CAPTURE_AUTORELEASING = YES;
				CLANG_WARN_BOOL_CONVERSION = YES;
				CLANG_WARN_COMMA = YES;
				CLANG_WARN_CONSTANT_CONVERSION = YES;
				CLANG_WARN_DEPRECATED_OBJC_IMPLEMENTATIONS = YES;
				CLANG_WARN_DIRECT_OBJC_ISA_USAGE = YES_ERROR;
				CLANG_WARN_DOCUMENTATION_COMMENTS = YES;
				CLANG_WARN_EMPTY_BODY = YES;
				CLANG_WARN_ENUM_CONVERSION = YES;
				CLANG_WARN_INFINITE_RECURSION = YES;
				CLANG_WARN_INT_CONVERSION = YES;
				CLANG_WARN_NON_LITERAL_NULL_CONVERSION = YES;
				CLANG_WARN_OBJC_IMPLICIT_RETAIN_SELF = YES;
				CLANG_WARN_OBJC_LITERAL_CONVERSION = YES;
				CLANG_WARN_OBJC_ROOT_CLASS = YES_ERROR;
				CLANG_WARN_QUOTED_INCLUDE_IN_FRAMEWORK_HEADER = YES;
				CLANG_WARN_RANGE_LOOP_ANALYSIS = YES;
				CLANG_WARN_STRICT_PROTOTYPES = YES;
				CLANG_WARN_SUSPICIOUS_MOVE = YES;
				CLANG_WARN_UNGUARDED_AVAILABILITY = YES_AGGRESSIVE;
				CLANG_WARN_UNREACHABLE_CODE = YES;
				CLANG_WARN__DUPLICATE_METHOD_MATCH = YES;
				COPY_PHASE_STRIP = NO;
				DEBUG_INFORMATION_FORMAT = "dwarf-with-dsym";
				ENABLE_NS_ASSERTIONS = NO;
				ENABLE_STRICT_OBJC_MSGSEND = YES;
				GCC_C_LANGUAGE_STANDARD = gnu11;
				GCC_NO_COMMON_BLOCKS = YES;
				GCC_WARN_64_TO_32_BIT_CONVERSION = YES;
				GCC_WARN_ABOUT_RETURN_TYPE = YES_ERROR;
				GCC_WARN_UNDECLARED_SELECTOR = YES;
				GCC_WARN_UNINITIALIZED_AUTOS = YES_AGGRESSIVE;
				GCC_WARN_UNUSED_FUNCTION = YES;
				GCC_WARN_UNUSED_VARIABLE = YES;
				IPHONEOS_DEPLOYMENT_TARGET = 14.4;
				MTL_ENABLE_DEBUG_INFO = NO;
				MTL_FAST_MATH = YES;
				SDKROOT = iphoneos;
				SWIFT_COMPILATION_MODE = wholemodule;
				SWIFT_OPTIMIZATION_LEVEL = "-O";
				VALIDATE_PRODUCT = YES;
			};
			name = Release;
		};
		11EBB26525F72C6500610F20 /* Debug */ = {
			isa = XCBuildConfiguration;
			buildSettings = {
				ASSETCATALOG_COMPILER_APPICON_NAME = AppIcon;
				ASSETCATALOG_COMPILER_GLOBAL_ACCENT_COLOR_NAME = AccentColor;
				CODE_SIGN_STYLE = Automatic;
				DEVELOPMENT_TEAM = 7ZBHT89JPN;
				INFOPLIST_FILE = "coder-swag/Info.plist";
				LD_RUNPATH_SEARCH_PATHS = (
					"$(inherited)",
					"@executable_path/Frameworks",
				);
				PRODUCT_BUNDLE_IDENTIFIER = "com.jervygu.coder-swag";
				PRODUCT_NAME = "$(TARGET_NAME)";
				SWIFT_VERSION = 5.0;
				TARGETED_DEVICE_FAMILY = "1,2";
			};
			name = Debug;
		};
		11EBB26625F72C6500610F20 /* Release */ = {
			isa = XCBuildConfiguration;
			buildSettings = {
				ASSETCATALOG_COMPILER_APPICON_NAME = AppIcon;
				ASSETCATALOG_COMPILER_GLOBAL_ACCENT_COLOR_NAME = AccentColor;
				CODE_SIGN_STYLE = Automatic;
				DEVELOPMENT_TEAM = 7ZBHT89JPN;
				INFOPLIST_FILE = "coder-swag/Info.plist";
				LD_RUNPATH_SEARCH_PATHS = (
					"$(inherited)",
					"@executable_path/Frameworks",
				);
				PRODUCT_BUNDLE_IDENTIFIER = "com.jervygu.coder-swag";
				PRODUCT_NAME = "$(TARGET_NAME)";
				SWIFT_VERSION = 5.0;
				TARGETED_DEVICE_FAMILY = "1,2";
			};
			name = Release;
		};
/* End XCBuildConfiguration section */

/* Begin XCConfigurationList section */
		11EBB24B25F72C6400610F20 /* Build configuration list for PBXProject "coder-swag" */ = {
			isa = XCConfigurationList;
			buildConfigurations = (
				11EBB26225F72C6500610F20 /* Debug */,
				11EBB26325F72C6500610F20 /* Release */,
			);
			defaultConfigurationIsVisible = 0;
			defaultConfigurationName = Release;
		};
		11EBB26425F72C6500610F20 /* Build configuration list for PBXNativeTarget "coder-swag" */ = {
			isa = XCConfigurationList;
			buildConfigurations = (
				11EBB26525F72C6500610F20 /* Debug */,
				11EBB26625F72C6500610F20 /* Release */,
			);
			defaultConfigurationIsVisible = 0;
			defaultConfigurationName = Release;
		};
/* End XCConfigurationList section */
	};
	rootObject = 11EBB24825F72C6400610F20 /* Project object */;
}
